github.com/gorilla/mux v1.8.0 h1:xxxxxxxxxxxxxxxxxxxxxxxxxxxxxxxxxxxxxxxxxxxx
github.com/gorilla/mux v1.8.0/go.mod h1:xxxxxxxxxxxxxxxxxxxxxxxxxxxxxxxxxxxxxxxxxxxx
github.com/spf13/viper v1.10.1 h1:xxxxxxxxxxxxxxxxxxxxxxxxxxxxxxxxxxxxxxxxxxxx
github.com/spf13/viper v1.10.1/go.mod h1:xxxxxxxxxxxxxxxxxxxxxxxxxxxxxxxxxxxxxxxxxxxx
